
Microsoft Visual Studio Solution File, Format Version 12.00
# Visual Studio 2012
Project("{FAE04EC0-301F-11D3-BF4B-00C04F79EFBC}") = "LaMuni", "LaMuni\LaMuni.csproj", "{55F91B47-C034-4603-A899-5FA611FA53C4}"
EndProject
Project("{FAE04EC0-301F-11D3-BF4B-00C04F79EFBC}") = "LaMuni.iOS", "iOS\LaMuni.iOS.csproj", "{9656B794-F5F7-4821-9A8D-58ED293CAADA}"
EndProject
Project("{FAE04EC0-301F-11D3-BF4B-00C04F79EFBC}") = "LaMuni.Droid", "Droid\LaMuni.Droid.csproj", "{EFA7C172-0DCC-4D42-BE88-9B83B206D65E}"
EndProject
Global
	GlobalSection(SolutionConfigurationPlatforms) = preSolution
		Debug|Any CPU = Debug|Any CPU
		Release|Any CPU = Release|Any CPU
		Debug|iPhoneSimulator = Debug|iPhoneSimulator
		Release|iPhone = Release|iPhone
		Release|iPhoneSimulator = Release|iPhoneSimulator
		Debug|iPhone = Debug|iPhone
	EndGlobalSection
	GlobalSection(ProjectConfigurationPlatforms) = postSolution
		{55F91B47-C034-4603-A899-5FA611FA53C4}.Debug|Any CPU.ActiveCfg = Debug|Any CPU
		{55F91B47-C034-4603-A899-5FA611FA53C4}.Debug|Any CPU.Build.0 = Debug|Any CPU
		{55F91B47-C034-4603-A899-5FA611FA53C4}.Release|Any CPU.ActiveCfg = Release|Any CPU
		{55F91B47-C034-4603-A899-5FA611FA53C4}.Release|Any CPU.Build.0 = Release|Any CPU
		{55F91B47-C034-4603-A899-5FA611FA53C4}.Debug|iPhoneSimulator.ActiveCfg = Debug|Any CPU
		{55F91B47-C034-4603-A899-5FA611FA53C4}.Debug|iPhoneSimulator.Build.0 = Debug|Any CPU
		{55F91B47-C034-4603-A899-5FA611FA53C4}.Release|iPhone.ActiveCfg = Release|Any CPU
		{55F91B47-C034-4603-A899-5FA611FA53C4}.Release|iPhone.Build.0 = Release|Any CPU
		{55F91B47-C034-4603-A899-5FA611FA53C4}.Release|iPhoneSimulator.ActiveCfg = Release|Any CPU
		{55F91B47-C034-4603-A899-5FA611FA53C4}.Release|iPhoneSimulator.Build.0 = Release|Any CPU
		{55F91B47-C034-4603-A899-5FA611FA53C4}.Debug|iPhone.ActiveCfg = Debug|Any CPU
		{55F91B47-C034-4603-A899-5FA611FA53C4}.Debug|iPhone.Build.0 = Debug|Any CPU
		{9656B794-F5F7-4821-9A8D-58ED293CAADA}.Debug|Any CPU.ActiveCfg = Debug|iPhoneSimulator
		{9656B794-F5F7-4821-9A8D-58ED293CAADA}.Debug|Any CPU.Build.0 = Debug|iPhoneSimulator
		{9656B794-F5F7-4821-9A8D-58ED293CAADA}.Release|Any CPU.ActiveCfg = Release|iPhone
		{9656B794-F5F7-4821-9A8D-58ED293CAADA}.Release|Any CPU.Build.0 = Release|iPhone
		{9656B794-F5F7-4821-9A8D-58ED293CAADA}.Debug|iPhoneSimulator.ActiveCfg = Debug|iPhoneSimulator
		{9656B794-F5F7-4821-9A8D-58ED293CAADA}.Debug|iPhoneSimulator.Build.0 = Debug|iPhoneSimulator
		{9656B794-F5F7-4821-9A8D-58ED293CAADA}.Release|iPhone.ActiveCfg = Release|iPhone
		{9656B794-F5F7-4821-9A8D-58ED293CAADA}.Release|iPhone.Build.0 = Release|iPhone
		{9656B794-F5F7-4821-9A8D-58ED293CAADA}.Release|iPhoneSimulator.ActiveCfg = Release|iPhoneSimulator
		{9656B794-F5F7-4821-9A8D-58ED293CAADA}.Release|iPhoneSimulator.Build.0 = Release|iPhoneSimulator
		{9656B794-F5F7-4821-9A8D-58ED293CAADA}.Debug|iPhone.ActiveCfg = Debug|iPhone
		{9656B794-F5F7-4821-9A8D-58ED293CAADA}.Debug|iPhone.Build.0 = Debug|iPhone
		{EFA7C172-0DCC-4D42-BE88-9B83B206D65E}.Debug|Any CPU.ActiveCfg = Debug|Any CPU
		{EFA7C172-0DCC-4D42-BE88-9B83B206D65E}.Debug|Any CPU.Build.0 = Debug|Any CPU
		{EFA7C172-0DCC-4D42-BE88-9B83B206D65E}.Release|Any CPU.ActiveCfg = Release|Any CPU
		{EFA7C172-0DCC-4D42-BE88-9B83B206D65E}.Release|Any CPU.Build.0 = Release|Any CPU
		{EFA7C172-0DCC-4D42-BE88-9B83B206D65E}.Debug|iPhoneSimulator.ActiveCfg = Debug|Any CPU
		{EFA7C172-0DCC-4D42-BE88-9B83B206D65E}.Debug|iPhoneSimulator.Build.0 = Debug|Any CPU
		{EFA7C172-0DCC-4D42-BE88-9B83B206D65E}.Release|iPhone.ActiveCfg = Release|Any CPU
		{EFA7C172-0DCC-4D42-BE88-9B83B206D65E}.Release|iPhone.Build.0 = Release|Any CPU
		{EFA7C172-0DCC-4D42-BE88-9B83B206D65E}.Release|iPhoneSimulator.ActiveCfg = Release|Any CPU
		{EFA7C172-0DCC-4D42-BE88-9B83B206D65E}.Release|iPhoneSimulator.Build.0 = Release|Any CPU
		{EFA7C172-0DCC-4D42-BE88-9B83B206D65E}.Debug|iPhone.ActiveCfg = Debug|Any CPU
		{EFA7C172-0DCC-4D42-BE88-9B83B206D65E}.Debug|iPhone.Build.0 = Debug|Any CPU
	EndGlobalSection
EndGlobal
